// !$*UTF8*$!
{
	archiveVersion = 1;
	classes = {
	};
	objectVersion = 46;
	objects = {

/* Begin PBXBuildFile section */
		0831FF351D9A730800474C93 /* AppDelegate.swift in Sources */ = {isa = PBXBuildFile; fileRef = 0831FF341D9A730800474C93 /* AppDelegate.swift */; };
		0831FF3C1D9A730800474C93 /* Assets.xcassets in Resources */ = {isa = PBXBuildFile; fileRef = 0831FF3B1D9A730800474C93 /* Assets.xcassets */; };
		0831FF3F1D9A730800474C93 /* LaunchScreen.storyboard in Resources */ = {isa = PBXBuildFile; fileRef = 0831FF3D1D9A730800474C93 /* LaunchScreen.storyboard */; };
		0831FF491D9A73AD00474C93 /* Main.storyboard in Resources */ = {isa = PBXBuildFile; fileRef = 0831FF481D9A73AD00474C93 /* Main.storyboard */; };
		0831FF4C1D9A743B00474C93 /* ViewController.swift in Sources */ = {isa = PBXBuildFile; fileRef = 0831FF4A1D9A743B00474C93 /* ViewController.swift */; };
		0831FF4D1D9A743B00474C93 /* ViewController2.swift in Sources */ = {isa = PBXBuildFile; fileRef = 0831FF4B1D9A743B00474C93 /* ViewController2.swift */; };
		0831FF571D9A745D00474C93 /* SF-UI-Display-Black.otf in Resources */ = {isa = PBXBuildFile; fileRef = 0831FF4E1D9A745D00474C93 /* SF-UI-Display-Black.otf */; };
		0831FF581D9A745D00474C93 /* SF-UI-Display-Bold.otf in Resources */ = {isa = PBXBuildFile; fileRef = 0831FF4F1D9A745D00474C93 /* SF-UI-Display-Bold.otf */; };
		0831FF591D9A745D00474C93 /* SF-UI-Display-Heavy.otf in Resources */ = {isa = PBXBuildFile; fileRef = 0831FF501D9A745D00474C93 /* SF-UI-Display-Heavy.otf */; };
		0831FF5A1D9A745D00474C93 /* SF-UI-Display-Light.otf in Resources */ = {isa = PBXBuildFile; fileRef = 0831FF511D9A745D00474C93 /* SF-UI-Display-Light.otf */; };
		0831FF5B1D9A745D00474C93 /* SF-UI-Display-Medium.otf in Resources */ = {isa = PBXBuildFile; fileRef = 0831FF521D9A745D00474C93 /* SF-UI-Display-Medium.otf */; };
		0831FF5C1D9A745D00474C93 /* SF-UI-Display-Regular.otf in Resources */ = {isa = PBXBuildFile; fileRef = 0831FF531D9A745D00474C93 /* SF-UI-Display-Regular.otf */; };
		0831FF5D1D9A745D00474C93 /* SF-UI-Display-Semibold.otf in Resources */ = {isa = PBXBuildFile; fileRef = 0831FF541D9A745D00474C93 /* SF-UI-Display-Semibold.otf */; };
		0831FF5E1D9A745D00474C93 /* SF-UI-Display-Thin.otf in Resources */ = {isa = PBXBuildFile; fileRef = 0831FF551D9A745D00474C93 /* SF-UI-Display-Thin.otf */; };
		0831FF5F1D9A745D00474C93 /* SF-UI-Display-Ultralight.otf in Resources */ = {isa = PBXBuildFile; fileRef = 0831FF561D9A745D00474C93 /* SF-UI-Display-Ultralight.otf */; };
		0831FF611D9AB81B00474C93 /* GoogleService-Info.plist in Resources */ = {isa = PBXBuildFile; fileRef = 0831FF601D9AB81B00474C93 /* GoogleService-Info.plist */; };
		0831FF641D9ADCCB00474C93 /* ViewController3.swift in Sources */ = {isa = PBXBuildFile; fileRef = 0831FF631D9ADCCB00474C93 /* ViewController3.swift */; };
		08D22DA51D9CF8F800DA5655 /* Graph.swift in Sources */ = {isa = PBXBuildFile; fileRef = 08D22DA41D9CF8F800DA5655 /* Graph.swift */; };
		7FD4902CC5296D7AF4E0B8DE /* Pods_The_Yellow_Line.framework in Frameworks */ = {isa = PBXBuildFile; fileRef = 758137E91A1E8558461BA95C /* Pods_The_Yellow_Line.framework */; };
/* End PBXBuildFile section */

/* Begin PBXFileReference section */
		0831FF311D9A730800474C93 /* The Yellow Line.app */ = {isa = PBXFileReference; explicitFileType = wrapper.application; includeInIndex = 0; path = "The Yellow Line.app"; sourceTree = BUILT_PRODUCTS_DIR; };
		0831FF341D9A730800474C93 /* AppDelegate.swift */ = {isa = PBXFileReference; lastKnownFileType = sourcecode.swift; path = AppDelegate.swift; sourceTree = "<group>"; };
		0831FF3B1D9A730800474C93 /* Assets.xcassets */ = {isa = PBXFileReference; lastKnownFileType = folder.assetcatalog; path = Assets.xcassets; sourceTree = "<group>"; };
		0831FF3E1D9A730800474C93 /* Base */ = {isa = PBXFileReference; lastKnownFileType = file.storyboard; name = Base; path = Base.lproj/LaunchScreen.storyboard; sourceTree = "<group>"; };
		0831FF401D9A730800474C93 /* Info.plist */ = {isa = PBXFileReference; lastKnownFileType = text.plist.xml; path = Info.plist; sourceTree = "<group>"; };
		0831FF481D9A73AD00474C93 /* Main.storyboard */ = {isa = PBXFileReference; fileEncoding = 4; lastKnownFileType = file.storyboard; path = Main.storyboard; sourceTree = "<group>"; };
		0831FF4A1D9A743B00474C93 /* ViewController.swift */ = {isa = PBXFileReference; fileEncoding = 4; lastKnownFileType = sourcecode.swift; path = ViewController.swift; sourceTree = "<group>"; };
		0831FF4B1D9A743B00474C93 /* ViewController2.swift */ = {isa = PBXFileReference; fileEncoding = 4; lastKnownFileType = sourcecode.swift; path = ViewController2.swift; sourceTree = "<group>"; };
		0831FF4E1D9A745D00474C93 /* SF-UI-Display-Black.otf */ = {isa = PBXFileReference; lastKnownFileType = file; path = "SF-UI-Display-Black.otf"; sourceTree = "<group>"; };
		0831FF4F1D9A745D00474C93 /* SF-UI-Display-Bold.otf */ = {isa = PBXFileReference; lastKnownFileType = file; path = "SF-UI-Display-Bold.otf"; sourceTree = "<group>"; };
		0831FF501D9A745D00474C93 /* SF-UI-Display-Heavy.otf */ = {isa = PBXFileReference; lastKnownFileType = file; path = "SF-UI-Display-Heavy.otf"; sourceTree = "<group>"; };
		0831FF511D9A745D00474C93 /* SF-UI-Display-Light.otf */ = {isa = PBXFileReference; lastKnownFileType = file; path = "SF-UI-Display-Light.otf"; sourceTree = "<group>"; };
		0831FF521D9A745D00474C93 /* SF-UI-Display-Medium.otf */ = {isa = PBXFileReference; lastKnownFileType = file; path = "SF-UI-Display-Medium.otf"; sourceTree = "<group>"; };
		0831FF531D9A745D00474C93 /* SF-UI-Display-Regular.otf */ = {isa = PBXFileReference; lastKnownFileType = file; path = "SF-UI-Display-Regular.otf"; sourceTree = "<group>"; };
		0831FF541D9A745D00474C93 /* SF-UI-Display-Semibold.otf */ = {isa = PBXFileReference; lastKnownFileType = file; path = "SF-UI-Display-Semibold.otf"; sourceTree = "<group>"; };
		0831FF551D9A745D00474C93 /* SF-UI-Display-Thin.otf */ = {isa = PBXFileReference; lastKnownFileType = file; path = "SF-UI-Display-Thin.otf"; sourceTree = "<group>"; };
		0831FF561D9A745D00474C93 /* SF-UI-Display-Ultralight.otf */ = {isa = PBXFileReference; lastKnownFileType = file; path = "SF-UI-Display-Ultralight.otf"; sourceTree = "<group>"; };
		0831FF601D9AB81B00474C93 /* GoogleService-Info.plist */ = {isa = PBXFileReference; fileEncoding = 4; lastKnownFileType = text.plist.xml; path = "GoogleService-Info.plist"; sourceTree = "<group>"; };
		0831FF631D9ADCCB00474C93 /* ViewController3.swift */ = {isa = PBXFileReference; fileEncoding = 4; lastKnownFileType = sourcecode.swift; path = ViewController3.swift; sourceTree = "<group>"; };
		08D22DA41D9CF8F800DA5655 /* Graph.swift */ = {isa = PBXFileReference; fileEncoding = 4; lastKnownFileType = sourcecode.swift; path = Graph.swift; sourceTree = "<group>"; };
		0DD950B1E1C5A07473CF5198 /* Pods-The Yellow Line.release.xcconfig */ = {isa = PBXFileReference; includeInIndex = 1; lastKnownFileType = text.xcconfig; name = "Pods-The Yellow Line.release.xcconfig"; path = "Pods/Target Support Files/Pods-The Yellow Line/Pods-The Yellow Line.release.xcconfig"; sourceTree = "<group>"; };
		758137E91A1E8558461BA95C /* Pods_The_Yellow_Line.framework */ = {isa = PBXFileReference; explicitFileType = wrapper.framework; includeInIndex = 0; path = Pods_The_Yellow_Line.framework; sourceTree = BUILT_PRODUCTS_DIR; };
		84485386F780AD436AEDCDE0 /* Pods-The Yellow Line.debug.xcconfig */ = {isa = PBXFileReference; includeInIndex = 1; lastKnownFileType = text.xcconfig; name = "Pods-The Yellow Line.debug.xcconfig"; path = "Pods/Target Support Files/Pods-The Yellow Line/Pods-The Yellow Line.debug.xcconfig"; sourceTree = "<group>"; };
/* End PBXFileReference section */

/* Begin PBXFrameworksBuildPhase section */
		0831FF2E1D9A730800474C93 /* Frameworks */ = {
			isa = PBXFrameworksBuildPhase;
			buildActionMask = 2147483647;
			files = (
				7FD4902CC5296D7AF4E0B8DE /* Pods_The_Yellow_Line.framework in Frameworks */,
			);
			runOnlyForDeploymentPostprocessing = 0;
		};
/* End PBXFrameworksBuildPhase section */

/* Begin PBXGroup section */
		0831FF281D9A730800474C93 = {
			isa = PBXGroup;
			children = (
				0831FF331D9A730800474C93 /* The Yellow Line */,
				0831FF321D9A730800474C93 /* Products */,
				6830EE165B69480987D3F499 /* Pods */,
				87CB46295C08585337180BB0 /* Frameworks */,
			);
			sourceTree = "<group>";
		};
		0831FF321D9A730800474C93 /* Products */ = {
			isa = PBXGroup;
			children = (
				0831FF311D9A730800474C93 /* The Yellow Line.app */,
			);
			name = Products;
			sourceTree = "<group>";
		};
		0831FF331D9A730800474C93 /* The Yellow Line */ = {
			isa = PBXGroup;
			children = (
				0831FF341D9A730800474C93 /* AppDelegate.swift */,
				0831FF481D9A73AD00474C93 /* Main.storyboard */,
				0831FF631D9ADCCB00474C93 /* ViewController3.swift */,
				0831FF3B1D9A730800474C93 /* Assets.xcassets */,
				0831FF3D1D9A730800474C93 /* LaunchScreen.storyboard */,
				0831FF401D9A730800474C93 /* Info.plist */,
				0831FF4A1D9A743B00474C93 /* ViewController.swift */,
				08D22DA41D9CF8F800DA5655 /* Graph.swift */,
				0831FF601D9AB81B00474C93 /* GoogleService-Info.plist */,
				0831FF4B1D9A743B00474C93 /* ViewController2.swift */,
				0831FF4E1D9A745D00474C93 /* SF-UI-Display-Black.otf */,
				0831FF4F1D9A745D00474C93 /* SF-UI-Display-Bold.otf */,
				0831FF501D9A745D00474C93 /* SF-UI-Display-Heavy.otf */,
				0831FF511D9A745D00474C93 /* SF-UI-Display-Light.otf */,
				0831FF521D9A745D00474C93 /* SF-UI-Display-Medium.otf */,
				0831FF531D9A745D00474C93 /* SF-UI-Display-Regular.otf */,
				0831FF541D9A745D00474C93 /* SF-UI-Display-Semibold.otf */,
				0831FF551D9A745D00474C93 /* SF-UI-Display-Thin.otf */,
				0831FF561D9A745D00474C93 /* SF-UI-Display-Ultralight.otf */,
			);
			path = "The Yellow Line";
			sourceTree = "<group>";
		};
		6830EE165B69480987D3F499 /* Pods */ = {
			isa = PBXGroup;
			children = (
				84485386F780AD436AEDCDE0 /* Pods-The Yellow Line.debug.xcconfig */,
				0DD950B1E1C5A07473CF5198 /* Pods-The Yellow Line.release.xcconfig */,
			);
			name = Pods;
			sourceTree = "<group>";
		};
		87CB46295C08585337180BB0 /* Frameworks */ = {
			isa = PBXGroup;
			children = (
				758137E91A1E8558461BA95C /* Pods_The_Yellow_Line.framework */,
			);
			name = Frameworks;
			sourceTree = "<group>";
		};
/* End PBXGroup section */

/* Begin PBXNativeTarget section */
		0831FF301D9A730800474C93 /* The Yellow Line */ = {
			isa = PBXNativeTarget;
			buildConfigurationList = 0831FF431D9A730800474C93 /* Build configuration list for PBXNativeTarget "The Yellow Line" */;
			buildPhases = (
				E4E11376D3758CA37A791866 /* [CP] Check Pods Manifest.lock */,
				0831FF2D1D9A730800474C93 /* Sources */,
				0831FF2E1D9A730800474C93 /* Frameworks */,
				0831FF2F1D9A730800474C93 /* Resources */,
				A57D71382ECE21B17D38E81D /* [CP] Embed Pods Frameworks */,
				E34E1C5EE41F2EE3C31C3FF6 /* [CP] Copy Pods Resources */,
			);
			buildRules = (
			);
			dependencies = (
			);
			name = "The Yellow Line";
			productName = "The Yellow Line";
			productReference = 0831FF311D9A730800474C93 /* The Yellow Line.app */;
			productType = "com.apple.product-type.application";
		};
/* End PBXNativeTarget section */

/* Begin PBXProject section */
		0831FF291D9A730800474C93 /* Project object */ = {
			isa = PBXProject;
			attributes = {
				LastSwiftUpdateCheck = 0800;
				LastUpgradeCheck = 0800;
				ORGANIZATIONNAME = Yaluqman;
				TargetAttributes = {
					0831FF301D9A730800474C93 = {
						CreatedOnToolsVersion = 8.0;
						DevelopmentTeam = LVRF4P653B;
						ProvisioningStyle = Automatic;
					};
				};
			};
			buildConfigurationList = 0831FF2C1D9A730800474C93 /* Build configuration list for PBXProject "The Yellow Line" */;
			compatibilityVersion = "Xcode 3.2";
			developmentRegion = English;
			hasScannedForEncodings = 0;
			knownRegions = (
				en,
				Base,
			);
			mainGroup = 0831FF281D9A730800474C93;
			productRefGroup = 0831FF321D9A730800474C93 /* Products */;
			projectDirPath = "";
			projectRoot = "";
			targets = (
				0831FF301D9A730800474C93 /* The Yellow Line */,
			);
		};
/* End PBXProject section */

/* Begin PBXResourcesBuildPhase section */
		0831FF2F1D9A730800474C93 /* Resources */ = {
			isa = PBXResourcesBuildPhase;
			buildActionMask = 2147483647;
			files = (
				0831FF611D9AB81B00474C93 /* GoogleService-Info.plist in Resources */,
				0831FF491D9A73AD00474C93 /* Main.storyboard in Resources */,
				0831FF591D9A745D00474C93 /* SF-UI-Display-Heavy.otf in Resources */,
				0831FF5D1D9A745D00474C93 /* SF-UI-Display-Semibold.otf in Resources */,
				0831FF5C1D9A745D00474C93 /* SF-UI-Display-Regular.otf in Resources */,
				0831FF5A1D9A745D00474C93 /* SF-UI-Display-Light.otf in Resources */,
				0831FF581D9A745D00474C93 /* SF-UI-Display-Bold.otf in Resources */,
				0831FF5B1D9A745D00474C93 /* SF-UI-Display-Medium.otf in Resources */,
				0831FF5F1D9A745D00474C93 /* SF-UI-Display-Ultralight.otf in Resources */,
				0831FF3F1D9A730800474C93 /* LaunchScreen.storyboard in Resources */,
				0831FF3C1D9A730800474C93 /* Assets.xcassets in Resources */,
				0831FF5E1D9A745D00474C93 /* SF-UI-Display-Thin.otf in Resources */,
				0831FF571D9A745D00474C93 /* SF-UI-Display-Black.otf in Resources */,
			);
			runOnlyForDeploymentPostprocessing = 0;
		};
/* End PBXResourcesBuildPhase section */

/* Begin PBXShellScriptBuildPhase section */
		A57D71382ECE21B17D38E81D /* [CP] Embed Pods Frameworks */ = {
			isa = PBXShellScriptBuildPhase;
			buildActionMask = 2147483647;
			files = (
			);
			inputPaths = (
			);
			name = "[CP] Embed Pods Frameworks";
			outputPaths = (
			);
			runOnlyForDeploymentPostprocessing = 0;
			shellPath = /bin/sh;
			shellScript = "\"${SRCROOT}/Pods/Target Support Files/Pods-The Yellow Line/Pods-The Yellow Line-frameworks.sh\"\n";
			showEnvVarsInLog = 0;
		};
		E34E1C5EE41F2EE3C31C3FF6 /* [CP] Copy Pods Resources */ = {
			isa = PBXShellScriptBuildPhase;
			buildActionMask = 2147483647;
			files = (
			);
			inputPaths = (
			);
			name = "[CP] Copy Pods Resources";
			outputPaths = (
			);
			runOnlyForDeploymentPostprocessing = 0;
			shellPath = /bin/sh;
			shellScript = "\"${SRCROOT}/Pods/Target Support Files/Pods-The Yellow Line/Pods-The Yellow Line-resources.sh\"\n";
			showEnvVarsInLog = 0;
		};
		E4E11376D3758CA37A791866 /* [CP] Check Pods Manifest.lock */ = {
			isa = PBXShellScriptBuildPhase;
			buildActionMask = 2147483647;
			files = (
			);
			inputPaths = (
			);
			name = "[CP] Check Pods Manifest.lock";
			outputPaths = (
			);
			runOnlyForDeploymentPostprocessing = 0;
			shellPath = /bin/sh;
			shellScript = "diff \"${PODS_ROOT}/../Podfile.lock\" \"${PODS_ROOT}/Manifest.lock\" > /dev/null\nif [[ $? != 0 ]] ; then\n    cat << EOM\nerror: The sandbox is not in sync with the Podfile.lock. Run 'pod install' or update your CocoaPods installation.\nEOM\n    exit 1\nfi\n";
			showEnvVarsInLog = 0;
		};
/* End PBXShellScriptBuildPhase section */

/* Begin PBXSourcesBuildPhase section */
		0831FF2D1D9A730800474C93 /* Sources */ = {
			isa = PBXSourcesBuildPhase;
			buildActionMask = 2147483647;
			files = (
				0831FF4C1D9A743B00474C93 /* ViewController.swift in Sources */,
				0831FF351D9A730800474C93 /* AppDelegate.swift in Sources */,
				0831FF641D9ADCCB00474C93 /* ViewController3.swift in Sources */,
				0831FF4D1D9A743B00474C93 /* ViewController2.swift in Sources */,
				08D22DA51D9CF8F800DA5655 /* Graph.swift in Sources */,
			);
			runOnlyForDeploymentPostprocessing = 0;
		};
/* End PBXSourcesBuildPhase section */

/* Begin PBXVariantGroup section */
		0831FF3D1D9A730800474C93 /* LaunchScreen.storyboard */ = {
			isa = PBXVariantGroup;
			children = (
				0831FF3E1D9A730800474C93 /* Base */,
			);
			name = LaunchScreen.storyboard;
			sourceTree = "<group>";
		};
/* End PBXVariantGroup section */

/* Begin XCBuildConfiguration section */
		0831FF411D9A730800474C93 /* Debug */ = {
			isa = XCBuildConfiguration;
			buildSettings = {
				ALWAYS_SEARCH_USER_PATHS = NO;
				CLANG_ANALYZER_NONNULL = YES;
				CLANG_CXX_LANGUAGE_STANDARD = "gnu++0x";
				CLANG_CXX_LIBRARY = "libc++";
				CLANG_ENABLE_MODULES = YES;
				CLANG_ENABLE_OBJC_ARC = YES;
				CLANG_WARN_BOOL_CONVERSION = YES;
				CLANG_WARN_CONSTANT_CONVERSION = YES;
				CLANG_WARN_DIRECT_OBJC_ISA_USAGE = YES_ERROR;
				CLANG_WARN_DOCUMENTATION_COMMENTS = YES;
				CLANG_WARN_EMPTY_BODY = YES;
				CLANG_WARN_ENUM_CONVERSION = YES;
				CLANG_WARN_INFINITE_RECURSION = YES;
				CLANG_WARN_INT_CONVERSION = YES;
				CLANG_WARN_OBJC_ROOT_CLASS = YES_ERROR;
				CLANG_WARN_SUSPICIOUS_MOVES = YES;
				CLANG_WARN_UNREACHABLE_CODE = YES;
				CLANG_WARN__DUPLICATE_METHOD_MATCH = YES;
				"CODE_SIGN_IDENTITY[sdk=iphoneos*]" = "iPhone Developer";
				COPY_PHASE_STRIP = NO;
				DEBUG_INFORMATION_FORMAT = dwarf;
				ENABLE_STRICT_OBJC_MSGSEND = YES;
				ENABLE_TESTABILITY = YES;
				GCC_C_LANGUAGE_STANDARD = gnu99;
				GCC_DYNAMIC_NO_PIC = NO;
				GCC_NO_COMMON_BLOCKS = YES;
				GCC_OPTIMIZATION_LEVEL = 0;
				GCC_PREPROCESSOR_DEFINITIONS = (
					"DEBUG=1",
					"$(inherited)",
				);
				GCC_WARN_64_TO_32_BIT_CONVERSION = YES;
				GCC_WARN_ABOUT_RETURN_TYPE = YES_ERROR;
				GCC_WARN_UNDECLARED_SELECTOR = YES;
				GCC_WARN_UNINITIALIZED_AUTOS = YES_AGGRESSIVE;
				GCC_WARN_UNUSED_FUNCTION = YES;
				GCC_WARN_UNUSED_VARIABLE = YES;
				IPHONEOS_DEPLOYMENT_TARGET = 10.0;
				MTL_ENABLE_DEBUG_INFO = YES;
				ONLY_ACTIVE_ARCH = YES;
				SDKROOT = iphoneos;
				SWIFT_ACTIVE_COMPILATION_CONDITIONS = DEBUG;
				SWIFT_OPTIMIZATION_LEVEL = "-Onone";
			};
			name = Debug;
		};
		0831FF421D9A730800474C93 /* Release */ = {
			isa = XCBuildConfiguration;
			buildSettings = {
				ALWAYS_SEARCH_USER_PATHS = NO;
				CLANG_ANALYZER_NONNULL = YES;
				CLANG_CXX_LANGUAGE_STANDARD = "gnu++0x";
				CLANG_CXX_LIBRARY = "libc++";
				CLANG_ENABLE_MODULES = YES;
				CLANG_ENABLE_OBJC_ARC = YES;
				CLANG_WARN_BOOL_CONVERSION = YES;
				CLANG_WARN_CONSTANT_CONVERSION = YES;
				CLANG_WARN_DIRECT_OBJC_ISA_USAGE = YES_ERROR;
				CLANG_WARN_DOCUMENTATION_COMMENTS = YES;
				CLANG_WARN_EMPTY_BODY = YES;
				CLANG_WARN_ENUM_CONVERSION = YES;
				CLANG_WARN_INFINITE_RECURSION = YES;
				CLANG_WARN_INT_CONVERSION = YES;
				CLANG_WARN_OBJC_ROOT_CLASS = YES_ERROR;
				CLANG_WARN_SUSPICIOUS_MOVES = YES;
				CLANG_WARN_UNREACHABLE_CODE = YES;
				CLANG_WARN__DUPLICATE_METHOD_MATCH = YES;
				"CODE_SIGN_IDENTITY[sdk=iphoneos*]" = "iPhone Developer";
				COPY_PHASE_STRIP = NO;
				DEBUG_INFORMATION_FORMAT = "dwarf-with-dsym";
				ENABLE_NS_ASSERTIONS = NO;
				ENABLE_STRICT_OBJC_MSGSEND = YES;
				GCC_C_LANGUAGE_STANDARD = gnu99;
				GCC_NO_COMMON_BLOCKS = YES;
				GCC_WARN_64_TO_32_BIT_CONVERSION = YES;
				GCC_WARN_ABOUT_RETURN_TYPE = YES_ERROR;
				GCC_WARN_UNDECLARED_SELECTOR = YES;
				GCC_WARN_UNINITIALIZED_AUTOS = YES_AGGRESSIVE;
				GCC_WARN_UNUSED_FUNCTION = YES;
				GCC_WARN_UNUSED_VARIABLE = YES;
				IPHONEOS_DEPLOYMENT_TARGET = 10.0;
				MTL_ENABLE_DEBUG_INFO = NO;
				SDKROOT = iphoneos;
				SWIFT_OPTIMIZATION_LEVEL = "-Owholemodule";
				VALIDATE_PRODUCT = YES;
			};
			name = Release;
		};
		0831FF441D9A730800474C93 /* Debug */ = {
			isa = XCBuildConfiguration;
			baseConfigurationReference = 84485386F780AD436AEDCDE0 /* Pods-The Yellow Line.debug.xcconfig */;
			buildSettings = {
				ASSETCATALOG_COMPILER_APPICON_NAME = AppIcon;
				DEVELOPMENT_TEAM = LVRF4P653B;
				INFOPLIST_FILE = "The Yellow Line/Info.plist";
				LD_RUNPATH_SEARCH_PATHS = "$(inherited) @executable_path/Frameworks";
				PRODUCT_BUNDLE_IDENTIFIER = "yaluqman.The-Yellow-Line";
				PRODUCT_NAME = "$(TARGET_NAME)";
				SWIFT_VERSION = 3.0;
			};
			name = Debug;
		};
		0831FF451D9A730800474C93 /* Release */ = {
			isa = XCBuildConfiguration;
			baseConfigurationReference = 0DD950B1E1C5A07473CF5198 /* Pods-The Yellow Line.release.xcconfig */;
			buildSettings = {
				ASSETCATALOG_COMPILER_APPICON_NAME = AppIcon;
				DEVELOPMENT_TEAM = LVRF4P653B;
				INFOPLIST_FILE = "The Yellow Line/Info.plist";
				LD_RUNPATH_SEARCH_PATHS = "$(inherited) @executable_path/Frameworks";
				PRODUCT_BUNDLE_IDENTIFIER = "yaluqman.The-Yellow-Line";
				PRODUCT_NAME = "$(TARGET_NAME)";
				SWIFT_VERSION = 3.0;
			};
			name = Release;
		};
/* End XCBuildConfiguration section */

/* Begin XCConfigurationList section */
		0831FF2C1D9A730800474C93 /* Build configuration list for PBXProject "The Yellow Line" */ = {
			isa = XCConfigurationList;
			buildConfigurations = (
				0831FF411D9A730800474C93 /* Debug */,
				0831FF421D9A730800474C93 /* Release */,
			);
			defaultConfigurationIsVisible = 0;
			defaultConfigurationName = Release;
		};
		0831FF431D9A730800474C93 /* Build configuration list for PBXNativeTarget "The Yellow Line" */ = {
			isa = XCConfigurationList;
			buildConfigurations = (
				0831FF441D9A730800474C93 /* Debug */,
				0831FF451D9A730800474C93 /* Release */,
			);
			defaultConfigurationIsVisible = 0;
			defaultConfigurationName = Release;
		};
/* End XCConfigurationList section */
	};
	rootObject = 0831FF291D9A730800474C93 /* Project object */;
}
